
Microsoft Visual Studio Solution File, Format Version 12.00
# Visual Studio Version 17
VisualStudioVersion = 17.12.35521.163 d17.12
MinimumVisualStudioVersion = 10.0.40219.1
Project("{FAE04EC0-301F-11D3-BF4B-00C04F79EFBC}") = "ReqResClient", "ReqResClient.csproj", "{89079959-62E4-46A9-83BA-78D8875F2142}"
EndProject
Project("{FAE04EC0-301F-11D3-BF4B-00C04F79EFBC}") = "ReqResClient.Tests", "..\ReqResClient.Tests\ReqResClient.Tests.csproj", "{B8A25D0C-7B7B-4AA3-B8AF-E98BB946435F}"
EndProject
Project("{FAE04EC0-301F-11D3-BF4B-00C04F79EFBC}") = "ReqResClient.Demo", "..\ReqResClient.Demo\ReqResClient.Demo.csproj", "{20B7A3D9-A2B5-4030-BA78-438A46F31302}"
EndProject
Global
	GlobalSection(SolutionConfigurationPlatforms) = preSolution
		Debug|Any CPU = Debug|Any CPU
		Release|Any CPU = Release|Any CPU
	EndGlobalSection
	GlobalSection(ProjectConfigurationPlatforms) = postSolution
		{89079959-62E4-46A9-83BA-78D8875F2142}.Debug|Any CPU.ActiveCfg = Debug|Any CPU
		{89079959-62E4-46A9-83BA-78D8875F2142}.Debug|Any CPU.Build.0 = Debug|Any CPU
		{89079959-62E4-46A9-83BA-78D8875F2142}.Release|Any CPU.ActiveCfg = Release|Any CPU
		{89079959-62E4-46A9-83BA-78D8875F2142}.Release|Any CPU.Build.0 = Release|Any CPU
		{B8A25D0C-7B7B-4AA3-B8AF-E98BB946435F}.Debug|Any CPU.ActiveCfg = Debug|Any CPU
		{B8A25D0C-7B7B-4AA3-B8AF-E98BB946435F}.Debug|Any CPU.Build.0 = Debug|Any CPU
		{B8A25D0C-7B7B-4AA3-B8AF-E98BB946435F}.Release|Any CPU.ActiveCfg = Release|Any CPU
		{B8A25D0C-7B7B-4AA3-B8AF-E98BB946435F}.Release|Any CPU.Build.0 = Release|Any CPU
		{20B7A3D9-A2B5-4030-BA78-438A46F31302}.Debug|Any CPU.ActiveCfg = Debug|Any CPU
		{20B7A3D9-A2B5-4030-BA78-438A46F31302}.Debug|Any CPU.Build.0 = Debug|Any CPU
		{20B7A3D9-A2B5-4030-BA78-438A46F31302}.Release|Any CPU.ActiveCfg = Release|Any CPU
		{20B7A3D9-A2B5-4030-BA78-438A46F31302}.Release|Any CPU.Build.0 = Release|Any CPU
	EndGlobalSection
	GlobalSection(SolutionProperties) = preSolution
		HideSolutionNode = FALSE
	EndGlobalSection
EndGlobal
